
Microsoft Visual Studio Solution File, Format Version 12.00
# Visual Studio Version 17
VisualStudioVersion = 17.13.35825.156
MinimumVisualStudioVersion = 10.0.40219.1
Project("{FAE04EC0-301F-11D3-BF4B-00C04F79EFBC}") = "InventoryManagement.WPF", "InventoryManagement\InventoryManagement.WPF.csproj", "{8C89A807-568B-4502-ACF0-A9395429B00D}"
EndProject
Project("{FAE04EC0-301F-11D3-BF4B-00C04F79EFBC}") = "InventoryManagement.Core", "InventoryManagement.Core\InventoryManagement.Core.csproj", "{A3B98B59-989D-45E8-A73A-8CE5ABF71997}"
EndProject
Project("{FAE04EC0-301F-11D3-BF4B-00C04F79EFBC}") = "InventoryManagement.Data", "InventoryManagement.Data\InventoryManagement.Data.csproj", "{4DA7A459-D3B7-482D-8870-476C2FA250A2}"
EndProject
Project("{FAE04EC0-301F-11D3-BF4B-00C04F79EFBC}") = "InventoryManagement.Tests", "InventoryManagement.WPFTests\InventoryManagement.Tests.csproj", "{4664F3FF-B417-4F06-ADE4-6ED1CA45C948}"
EndProject
Global
	GlobalSection(SolutionConfigurationPlatforms) = preSolution
		Debug|Any CPU = Debug|Any CPU
		Release|Any CPU = Release|Any CPU
	EndGlobalSection
	GlobalSection(ProjectConfigurationPlatforms) = postSolution
		{8C89A807-568B-4502-ACF0-A9395429B00D}.Debug|Any CPU.ActiveCfg = Debug|Any CPU
		{8C89A807-568B-4502-ACF0-A9395429B00D}.Debug|Any CPU.Build.0 = Debug|Any CPU
		{8C89A807-568B-4502-ACF0-A9395429B00D}.Release|Any CPU.ActiveCfg = Release|Any CPU
		{8C89A807-568B-4502-ACF0-A9395429B00D}.Release|Any CPU.Build.0 = Release|Any CPU
		{A3B98B59-989D-45E8-A73A-8CE5ABF71997}.Debug|Any CPU.ActiveCfg = Debug|Any CPU
		{A3B98B59-989D-45E8-A73A-8CE5ABF71997}.Debug|Any CPU.Build.0 = Debug|Any CPU
		{A3B98B59-989D-45E8-A73A-8CE5ABF71997}.Release|Any CPU.ActiveCfg = Release|Any CPU
		{A3B98B59-989D-45E8-A73A-8CE5ABF71997}.Release|Any CPU.Build.0 = Release|Any CPU
		{4DA7A459-D3B7-482D-8870-476C2FA250A2}.Debug|Any CPU.ActiveCfg = Debug|Any CPU
		{4DA7A459-D3B7-482D-8870-476C2FA250A2}.Debug|Any CPU.Build.0 = Debug|Any CPU
		{4DA7A459-D3B7-482D-8870-476C2FA250A2}.Release|Any CPU.ActiveCfg = Release|Any CPU
		{4DA7A459-D3B7-482D-8870-476C2FA250A2}.Release|Any CPU.Build.0 = Release|Any CPU
		{4664F3FF-B417-4F06-ADE4-6ED1CA45C948}.Debug|Any CPU.ActiveCfg = Debug|Any CPU
		{4664F3FF-B417-4F06-ADE4-6ED1CA45C948}.Debug|Any CPU.Build.0 = Debug|Any CPU
		{4664F3FF-B417-4F06-ADE4-6ED1CA45C948}.Release|Any CPU.ActiveCfg = Release|Any CPU
		{4664F3FF-B417-4F06-ADE4-6ED1CA45C948}.Release|Any CPU.Build.0 = Release|Any CPU
	EndGlobalSection
	GlobalSection(SolutionProperties) = preSolution
		HideSolutionNode = FALSE
	EndGlobalSection
	GlobalSection(ExtensibilityGlobals) = postSolution
		SolutionGuid = {BD2E54EF-EBCF-4E26-B043-C95F7ABAD364}
	EndGlobalSection
EndGlobal
